{
	"name": "@jayteelabs/pi-nous-portal-provider",
	"version": "0.2.1",
	"lockfileVersion": 3,
	"requires": true,
	"packages": {
		"": {
			"name": "@jayteelabs/pi-nous-portal-provider",
			"version": "0.2.1",
			"license": "MIT",
			"engines": {
				"node": ">=22"
			},
			"peerDependencies": {
				"@mariozechner/pi-ai": "^0.73.1",
				"@mariozechner/pi-coding-agent": "^0.73.1"
			}
		}
	}
}
